github.com/wayneashleyberry/truecolor v1.0.0 h1:LLo8HWexMssG7r/f9KUwHe1DC8AR7ZWnRTwDxRFVUN8=
github.com/wayneashleyberry/truecolor v1.0.0/go.mod h1:EW2t+p4Ox2UhK82yOLRvHzhR4rl6UYZUL6h0iILCP2E=
gopkg.in/check.v1 v0.0.0-20161208181325-20d25e280405 h1:yhCVgyC4o1eVCa2tZl7eS0r+SDo693bJlVdllGtEeKM=
gopkg.in/check.v1 v0.0.0-20161208181325-20d25e280405/go.mod h1:Co6ibVJAznAaIkqp8huTwlJQCZ016jof/cbN4VW5Yz0=
gopkg.in/yaml.v3 v3.0.0-20200605160147-a5ece683394c h1:grhR+C34yXImVGp7EzNk+DTIk+323eIUWOmEevy6bDo=
gopkg.in/yaml.v3 v3.0.0-20200605160147-a5ece683394c/go.mod h1:K4uyk7z7BCEPqu6E+C64Yfv1cQ7kz7rIZviUmN+EgEM=
